// !$*UTF8*$!
{
	archiveVersion = 1;
	classes = {
	};
	objectVersion = 56;
	objects = {

/* Begin PBXBuildFile section */
		239351F6299C4347008A1C1E /* PersonTableViewCell.swift in Sources */ = {isa = PBXBuildFile; fileRef = 239351F5299C4347008A1C1E /* PersonTableViewCell.swift */; };
		23E6D367299ADECF00A4EA9F /* AppDelegate.swift in Sources */ = {isa = PBXBuildFile; fileRef = 23E6D366299ADECF00A4EA9F /* AppDelegate.swift */; };
		23E6D369299ADECF00A4EA9F /* SceneDelegate.swift in Sources */ = {isa = PBXBuildFile; fileRef = 23E6D368299ADECF00A4EA9F /* SceneDelegate.swift */; };
		23E6D36E299ADECF00A4EA9F /* Main.storyboard in Resources */ = {isa = PBXBuildFile; fileRef = 23E6D36C299ADECF00A4EA9F /* Main.storyboard */; };
		23E6D370299ADED000A4EA9F /* Assets.xcassets in Resources */ = {isa = PBXBuildFile; fileRef = 23E6D36F299ADED000A4EA9F /* Assets.xcassets */; };
		23E6D373299ADED000A4EA9F /* LaunchScreen.storyboard in Resources */ = {isa = PBXBuildFile; fileRef = 23E6D371299ADED000A4EA9F /* LaunchScreen.storyboard */; };
		23E6D37D299AE65E00A4EA9F /* Person.swift in Sources */ = {isa = PBXBuildFile; fileRef = 23E6D37C299AE65E00A4EA9F /* Person.swift */; };
		23E6D380299AE83200A4EA9F /* Group.swift in Sources */ = {isa = PBXBuildFile; fileRef = 23E6D37F299AE83200A4EA9F /* Group.swift */; };
		23E6D382299AE98700A4EA9F /* PersonController.swift in Sources */ = {isa = PBXBuildFile; fileRef = 23E6D381299AE98700A4EA9F /* PersonController.swift */; };
		23E6D384299AF5D500A4EA9F /* GroupController.swift in Sources */ = {isa = PBXBuildFile; fileRef = 23E6D383299AF5D500A4EA9F /* GroupController.swift */; };
		23E6D389299B002B00A4EA9F /* GroupsTableViewController.swift in Sources */ = {isa = PBXBuildFile; fileRef = 23E6D388299B002B00A4EA9F /* GroupsTableViewController.swift */; };
		23E6D38D299B11FB00A4EA9F /* PersonTableViewController.swift in Sources */ = {isa = PBXBuildFile; fileRef = 23E6D38C299B11FB00A4EA9F /* PersonTableViewController.swift */; };
		23E6D38F299B228E00A4EA9F /* PersonDetailViewController.swift in Sources */ = {isa = PBXBuildFile; fileRef = 23E6D38E299B228E00A4EA9F /* PersonDetailViewController.swift */; };
/* End PBXBuildFile section */

/* Begin PBXFileReference section */
		239351F5299C4347008A1C1E /* PersonTableViewCell.swift */ = {isa = PBXFileReference; lastKnownFileType = sourcecode.swift; path = PersonTableViewCell.swift; sourceTree = "<group>"; };
		23E6D363299ADECF00A4EA9F /* AddressBook.app */ = {isa = PBXFileReference; explicitFileType = wrapper.application; includeInIndex = 0; path = AddressBook.app; sourceTree = BUILT_PRODUCTS_DIR; };
		23E6D366299ADECF00A4EA9F /* AppDelegate.swift */ = {isa = PBXFileReference; lastKnownFileType = sourcecode.swift; path = AppDelegate.swift; sourceTree = "<group>"; };
		23E6D368299ADECF00A4EA9F /* SceneDelegate.swift */ = {isa = PBXFileReference; lastKnownFileType = sourcecode.swift; path = SceneDelegate.swift; sourceTree = "<group>"; };
		23E6D36D299ADECF00A4EA9F /* Base */ = {isa = PBXFileReference; lastKnownFileType = file.storyboard; name = Base; path = Base.lproj/Main.storyboard; sourceTree = "<group>"; };
		23E6D36F299ADED000A4EA9F /* Assets.xcassets */ = {isa = PBXFileReference; lastKnownFileType = folder.assetcatalog; path = Assets.xcassets; sourceTree = "<group>"; };
		23E6D372299ADED000A4EA9F /* Base */ = {isa = PBXFileReference; lastKnownFileType = file.storyboard; name = Base; path = Base.lproj/LaunchScreen.storyboard; sourceTree = "<group>"; };
		23E6D374299ADED000A4EA9F /* Info.plist */ = {isa = PBXFileReference; lastKnownFileType = text.plist.xml; path = Info.plist; sourceTree = "<group>"; };
		23E6D37C299AE65E00A4EA9F /* Person.swift */ = {isa = PBXFileReference; lastKnownFileType = sourcecode.swift; path = Person.swift; sourceTree = "<group>"; };
		23E6D37F299AE83200A4EA9F /* Group.swift */ = {isa = PBXFileReference; lastKnownFileType = sourcecode.swift; path = Group.swift; sourceTree = "<group>"; };
		23E6D381299AE98700A4EA9F /* PersonController.swift */ = {isa = PBXFileReference; lastKnownFileType = sourcecode.swift; path = PersonController.swift; sourceTree = "<group>"; };
		23E6D383299AF5D500A4EA9F /* GroupController.swift */ = {isa = PBXFileReference; lastKnownFileType = sourcecode.swift; path = GroupController.swift; sourceTree = "<group>"; };
		23E6D388299B002B00A4EA9F /* GroupsTableViewController.swift */ = {isa = PBXFileReference; lastKnownFileType = sourcecode.swift; path = GroupsTableViewController.swift; sourceTree = "<group>"; };
		23E6D38C299B11FB00A4EA9F /* PersonTableViewController.swift */ = {isa = PBXFileReference; lastKnownFileType = sourcecode.swift; path = PersonTableViewController.swift; sourceTree = "<group>"; };
		23E6D38E299B228E00A4EA9F /* PersonDetailViewController.swift */ = {isa = PBXFileReference; lastKnownFileType = sourcecode.swift; path = PersonDetailViewController.swift; sourceTree = "<group>"; };
/* End PBXFileReference section */

/* Begin PBXFrameworksBuildPhase section */
		23E6D360299ADECF00A4EA9F /* Frameworks */ = {
			isa = PBXFrameworksBuildPhase;
			buildActionMask = 2147483647;
			files = (
			);
			runOnlyForDeploymentPostprocessing = 0;
		};
/* End PBXFrameworksBuildPhase section */

/* Begin PBXGroup section */
		239351F7299C4EC8008A1C1E /* Custom Cell */ = {
			isa = PBXGroup;
			children = (
				239351F5299C4347008A1C1E /* PersonTableViewCell.swift */,
			);
			path = "Custom Cell";
			sourceTree = "<group>";
		};
		23E6D35A299ADECF00A4EA9F = {
			isa = PBXGroup;
			children = (
				23E6D365299ADECF00A4EA9F /* AddressBook */,
				23E6D364299ADECF00A4EA9F /* Products */,
			);
			sourceTree = "<group>";
		};
		23E6D364299ADECF00A4EA9F /* Products */ = {
			isa = PBXGroup;
			children = (
				23E6D363299ADECF00A4EA9F /* AddressBook.app */,
			);
			name = Products;
			sourceTree = "<group>";
		};
		23E6D365299ADECF00A4EA9F /* AddressBook */ = {
			isa = PBXGroup;
			children = (
				23E6D385299AFFAE00A4EA9F /* ViewControllers */,
				23E6D37E299AE67900A4EA9F /* Controllers */,
				23E6D37B299AE64100A4EA9F /* Models */,
				23E6D36C299ADECF00A4EA9F /* Main.storyboard */,
				23E6D36F299ADED000A4EA9F /* Assets.xcassets */,
				23E6D371299ADED000A4EA9F /* LaunchScreen.storyboard */,
				23E6D374299ADED000A4EA9F /* Info.plist */,
				23E6D37A299AE61C00A4EA9F /* Supporting Files */,
			);
			path = AddressBook;
			sourceTree = "<group>";
		};
		23E6D37A299AE61C00A4EA9F /* Supporting Files */ = {
			isa = PBXGroup;
			children = (
				23E6D366299ADECF00A4EA9F /* AppDelegate.swift */,
				23E6D368299ADECF00A4EA9F /* SceneDelegate.swift */,
			);
			path = "Supporting Files";
			sourceTree = "<group>";
		};
		23E6D37B299AE64100A4EA9F /* Models */ = {
			isa = PBXGroup;
			children = (
				23E6D37C299AE65E00A4EA9F /* Person.swift */,
				23E6D37F299AE83200A4EA9F /* Group.swift */,
			);
			path = Models;
			sourceTree = "<group>";
		};
		23E6D37E299AE67900A4EA9F /* Controllers */ = {
			isa = PBXGroup;
			children = (
				23E6D381299AE98700A4EA9F /* PersonController.swift */,
				23E6D383299AF5D500A4EA9F /* GroupController.swift */,
			);
			path = Controllers;
			sourceTree = "<group>";
		};
		23E6D385299AFFAE00A4EA9F /* ViewControllers */ = {
			isa = PBXGroup;
			children = (
				23E6D388299B002B00A4EA9F /* GroupsTableViewController.swift */,
				23E6D38C299B11FB00A4EA9F /* PersonTableViewController.swift */,
				23E6D38E299B228E00A4EA9F /* PersonDetailViewController.swift */,
				239351F7299C4EC8008A1C1E /* Custom Cell */,
			);
			path = ViewControllers;
			sourceTree = "<group>";
		};
/* End PBXGroup section */

/* Begin PBXNativeTarget section */
		23E6D362299ADECF00A4EA9F /* AddressBook */ = {
			isa = PBXNativeTarget;
			buildConfigurationList = 23E6D377299ADED000A4EA9F /* Build configuration list for PBXNativeTarget "AddressBook" */;
			buildPhases = (
				23E6D35F299ADECF00A4EA9F /* Sources */,
				23E6D360299ADECF00A4EA9F /* Frameworks */,
				23E6D361299ADECF00A4EA9F /* Resources */,
			);
			buildRules = (
			);
			dependencies = (
			);
			name = AddressBook;
			productName = AddressBook;
			productReference = 23E6D363299ADECF00A4EA9F /* AddressBook.app */;
			productType = "com.apple.product-type.application";
		};
/* End PBXNativeTarget section */

/* Begin PBXProject section */
		23E6D35B299ADECF00A4EA9F /* Project object */ = {
			isa = PBXProject;
			attributes = {
				BuildIndependentTargetsInParallel = 1;
				LastSwiftUpdateCheck = 1420;
				LastUpgradeCheck = 1420;
				TargetAttributes = {
					23E6D362299ADECF00A4EA9F = {
						CreatedOnToolsVersion = 14.2;
					};
				};
			};
			buildConfigurationList = 23E6D35E299ADECF00A4EA9F /* Build configuration list for PBXProject "AddressBook" */;
			compatibilityVersion = "Xcode 14.0";
			developmentRegion = en;
			hasScannedForEncodings = 0;
			knownRegions = (
				en,
				Base,
			);
			mainGroup = 23E6D35A299ADECF00A4EA9F;
			productRefGroup = 23E6D364299ADECF00A4EA9F /* Products */;
			projectDirPath = "";
			projectRoot = "";
			targets = (
				23E6D362299ADECF00A4EA9F /* AddressBook */,
			);
		};
/* End PBXProject section */

/* Begin PBXResourcesBuildPhase section */
		23E6D361299ADECF00A4EA9F /* Resources */ = {
			isa = PBXResourcesBuildPhase;
			buildActionMask = 2147483647;
			files = (
				23E6D373299ADED000A4EA9F /* LaunchScreen.storyboard in Resources */,
				23E6D370299ADED000A4EA9F /* Assets.xcassets in Resources */,
				23E6D36E299ADECF00A4EA9F /* Main.storyboard in Resources */,
			);
			runOnlyForDeploymentPostprocessing = 0;
		};
/* End PBXResourcesBuildPhase section */

/* Begin PBXSourcesBuildPhase section */
		23E6D35F299ADECF00A4EA9F /* Sources */ = {
			isa = PBXSourcesBuildPhase;
			buildActionMask = 2147483647;
			files = (
				23E6D38D299B11FB00A4EA9F /* PersonTableViewController.swift in Sources */,
				23E6D382299AE98700A4EA9F /* PersonController.swift in Sources */,
				23E6D367299ADECF00A4EA9F /* AppDelegate.swift in Sources */,
				23E6D37D299AE65E00A4EA9F /* Person.swift in Sources */,
				23E6D369299ADECF00A4EA9F /* SceneDelegate.swift in Sources */,
				23E6D38F299B228E00A4EA9F /* PersonDetailViewController.swift in Sources */,
				23E6D389299B002B00A4EA9F /* GroupsTableViewController.swift in Sources */,
				23E6D380299AE83200A4EA9F /* Group.swift in Sources */,
				239351F6299C4347008A1C1E /* PersonTableViewCell.swift in Sources */,
				23E6D384299AF5D500A4EA9F /* GroupController.swift in Sources */,
			);
			runOnlyForDeploymentPostprocessing = 0;
		};
/* End PBXSourcesBuildPhase section */

/* Begin PBXVariantGroup section */
		23E6D36C299ADECF00A4EA9F /* Main.storyboard */ = {
			isa = PBXVariantGroup;
			children = (
				23E6D36D299ADECF00A4EA9F /* Base */,
			);
			name = Main.storyboard;
			sourceTree = "<group>";
		};
		23E6D371299ADED000A4EA9F /* LaunchScreen.storyboard */ = {
			isa = PBXVariantGroup;
			children = (
				23E6D372299ADED000A4EA9F /* Base */,
			);
			name = LaunchScreen.storyboard;
			sourceTree = "<group>";
		};
/* End PBXVariantGroup section */

/* Begin XCBuildConfiguration section */
		23E6D375299ADED000A4EA9F /* Debug */ = {
			isa = XCBuildConfiguration;
			buildSettings = {
				ALWAYS_SEARCH_USER_PATHS = NO;
				CLANG_ANALYZER_NONNULL = YES;
				CLANG_ANALYZER_NUMBER_OBJECT_CONVERSION = YES_AGGRESSIVE;
				CLANG_CXX_LANGUAGE_STANDARD = "gnu++20";
				CLANG_ENABLE_MODULES = YES;
				CLANG_ENABLE_OBJC_ARC = YES;
				CLANG_ENABLE_OBJC_WEAK = YES;
				CLANG_WARN_BLOCK_CAPTURE_AUTORELEASING = YES;
				CLANG_WARN_BOOL_CONVERSION = YES;
				CLANG_WARN_COMMA = YES;
				CLANG_WARN_CONSTANT_CONVERSION = YES;
				CLANG_WARN_DEPRECATED_OBJC_IMPLEMENTATIONS = YES;
				CLANG_WARN_DIRECT_OBJC_ISA_USAGE = YES_ERROR;
				CLANG_WARN_DOCUMENTATION_COMMENTS = YES;
				CLANG_WARN_EMPTY_BODY = YES;
				CLANG_WARN_ENUM_CONVERSION = YES;
				CLANG_WARN_INFINITE_RECURSION = YES;
				CLANG_WARN_INT_CONVERSION = YES;
				CLANG_WARN_NON_LITERAL_NULL_CONVERSION = YES;
				CLANG_WARN_OBJC_IMPLICIT_RETAIN_SELF = YES;
				CLANG_WARN_OBJC_LITERAL_CONVERSION = YES;
				CLANG_WARN_OBJC_ROOT_CLASS = YES_ERROR;
				CLANG_WARN_QUOTED_INCLUDE_IN_FRAMEWORK_HEADER = YES;
				CLANG_WARN_RANGE_LOOP_ANALYSIS = YES;
				CLANG_WARN_STRICT_PROTOTYPES = YES;
				CLANG_WARN_SUSPICIOUS_MOVE = YES;
				CLANG_WARN_UNGUARDED_AVAILABILITY = YES_AGGRESSIVE;
				CLANG_WARN_UNREACHABLE_CODE = YES;
				CLANG_WARN__DUPLICATE_METHOD_MATCH = YES;
				COPY_PHASE_STRIP = NO;
				DEBUG_INFORMATION_FORMAT = dwarf;
				ENABLE_STRICT_OBJC_MSGSEND = YES;
				ENABLE_TESTABILITY = YES;
				GCC_C_LANGUAGE_STANDARD = gnu11;
				GCC_DYNAMIC_NO_PIC = NO;
				GCC_NO_COMMON_BLOCKS = YES;
				GCC_OPTIMIZATION_LEVEL = 0;
				GCC_PREPROCESSOR_DEFINITIONS = (
					"DEBUG=1",
					"$(inherited)",
				);
				GCC_WARN_64_TO_32_BIT_CONVERSION = YES;
				GCC_WARN_ABOUT_RETURN_TYPE = YES_ERROR;
				GCC_WARN_UNDECLARED_SELECTOR = YES;
				GCC_WARN_UNINITIALIZED_AUTOS = YES_AGGRESSIVE;
				GCC_WARN_UNUSED_FUNCTION = YES;
				GCC_WARN_UNUSED_VARIABLE = YES;
				IPHONEOS_DEPLOYMENT_TARGET = 16.2;
				MTL_ENABLE_DEBUG_INFO = INCLUDE_SOURCE;
				MTL_FAST_MATH = YES;
				ONLY_ACTIVE_ARCH = YES;
				SDKROOT = iphoneos;
				SWIFT_ACTIVE_COMPILATION_CONDITIONS = DEBUG;
				SWIFT_OPTIMIZATION_LEVEL = "-Onone";
			};
			name = Debug;
		};
		23E6D376299ADED000A4EA9F /* Release */ = {
			isa = XCBuildConfiguration;
			buildSettings = {
				ALWAYS_SEARCH_USER_PATHS = NO;
				CLANG_ANALYZER_NONNULL = YES;
				CLANG_ANALYZER_NUMBER_OBJECT_CONVERSION = YES_AGGRESSIVE;
				CLANG_CXX_LANGUAGE_STANDARD = "gnu++20";
				CLANG_ENABLE_MODULES = YES;
				CLANG_ENABLE_OBJC_ARC = YES;
				CLANG_ENABLE_OBJC_WEAK = YES;
				CLANG_WARN_BLOCK_CAPTURE_AUTORELEASING = YES;
				CLANG_WARN_BOOL_CONVERSION = YES;
				CLANG_WARN_COMMA = YES;
				CLANG_WARN_CONSTANT_CONVERSION = YES;
				CLANG_WARN_DEPRECATED_OBJC_IMPLEMENTATIONS = YES;
				CLANG_WARN_DIRECT_OBJC_ISA_USAGE = YES_ERROR;
				CLANG_WARN_DOCUMENTATION_COMMENTS = YES;
				CLANG_WARN_EMPTY_BODY = YES;
				CLANG_WARN_ENUM_CONVERSION = YES;
				CLANG_WARN_INFINITE_RECURSION = YES;
				CLANG_WARN_INT_CONVERSION = YES;
				CLANG_WARN_NON_LITERAL_NULL_CONVERSION = YES;
				CLANG_WARN_OBJC_IMPLICIT_RETAIN_SELF = YES;
				CLANG_WARN_OBJC_LITERAL_CONVERSION = YES;
				CLANG_WARN_OBJC_ROOT_CLASS = YES_ERROR;
				CLANG_WARN_QUOTED_INCLUDE_IN_FRAMEWORK_HEADER = YES;
				CLANG_WARN_RANGE_LOOP_ANALYSIS = YES;
				CLANG_WARN_STRICT_PROTOTYPES = YES;
				CLANG_WARN_SUSPICIOUS_MOVE = YES;
				CLANG_WARN_UNGUARDED_AVAILABILITY = YES_AGGRESSIVE;
				CLANG_WARN_UNREACHABLE_CODE = YES;
				CLANG_WARN__DUPLICATE_METHOD_MATCH = YES;
				COPY_PHASE_STRIP = NO;
				DEBUG_INFORMATION_FORMAT = "dwarf-with-dsym";
				ENABLE_NS_ASSERTIONS = NO;
				ENABLE_STRICT_OBJC_MSGSEND = YES;
				GCC_C_LANGUAGE_STANDARD = gnu11;
				GCC_NO_COMMON_BLOCKS = YES;
				GCC_WARN_64_TO_32_BIT_CONVERSION = YES;
				GCC_WARN_ABOUT_RETURN_TYPE = YES_ERROR;
				GCC_WARN_UNDECLARED_SELECTOR = YES;
				GCC_WARN_UNINITIALIZED_AUTOS = YES_AGGRESSIVE;
				GCC_WARN_UNUSED_FUNCTION = YES;
				GCC_WARN_UNUSED_VARIABLE = YES;
				IPHONEOS_DEPLOYMENT_TARGET = 16.2;
				MTL_ENABLE_DEBUG_INFO = NO;
				MTL_FAST_MATH = YES;
				SDKROOT = iphoneos;
				SWIFT_COMPILATION_MODE = wholemodule;
				SWIFT_OPTIMIZATION_LEVEL = "-O";
				VALIDATE_PRODUCT = YES;
			};
			name = Release;
		};
		23E6D378299ADED000A4EA9F /* Debug */ = {
			isa = XCBuildConfiguration;
			buildSettings = {
				ASSETCATALOG_COMPILER_APPICON_NAME = AppIcon;
				ASSETCATALOG_COMPILER_GLOBAL_ACCENT_COLOR_NAME = AccentColor;
				CODE_SIGN_STYLE = Automatic;
				CURRENT_PROJECT_VERSION = 1;
				GENERATE_INFOPLIST_FILE = YES;
				INFOPLIST_FILE = AddressBook/Info.plist;
				INFOPLIST_KEY_UIApplicationSupportsIndirectInputEvents = YES;
				INFOPLIST_KEY_UILaunchStoryboardName = LaunchScreen;
				INFOPLIST_KEY_UIMainStoryboardFile = Main;
				INFOPLIST_KEY_UISupportedInterfaceOrientations_iPad = "UIInterfaceOrientationPortrait UIInterfaceOrientationPortraitUpsideDown UIInterfaceOrientationLandscapeLeft UIInterfaceOrientationLandscapeRight";
				INFOPLIST_KEY_UISupportedInterfaceOrientations_iPhone = "UIInterfaceOrientationPortrait UIInterfaceOrientationLandscapeLeft UIInterfaceOrientationLandscapeRight";
				LD_RUNPATH_SEARCH_PATHS = (
					"$(inherited)",
					"@executable_path/Frameworks",
				);
				MARKETING_VERSION = 1.0;
				PRODUCT_BUNDLE_IDENTIFIER = dotGlo.AddressBook;
				PRODUCT_NAME = "$(TARGET_NAME)";
				SWIFT_EMIT_LOC_STRINGS = YES;
				SWIFT_VERSION = 5.0;
				TARGETED_DEVICE_FAMILY = "1,2";
			};
			name = Debug;
		};
		23E6D379299ADED000A4EA9F /* Release */ = {
			isa = XCBuildConfiguration;
			buildSettings = {
				ASSETCATALOG_COMPILER_APPICON_NAME = AppIcon;
				ASSETCATALOG_COMPILER_GLOBAL_ACCENT_COLOR_NAME = AccentColor;
				CODE_SIGN_STYLE = Automatic;
				CURRENT_PROJECT_VERSION = 1;
				GENERATE_INFOPLIST_FILE = YES;
				INFOPLIST_FILE = AddressBook/Info.plist;
				INFOPLIST_KEY_UIApplicationSupportsIndirectInputEvents = YES;
				INFOPLIST_KEY_UILaunchStoryboardName = LaunchScreen;
				INFOPLIST_KEY_UIMainStoryboardFile = Main;
				INFOPLIST_KEY_UISupportedInterfaceOrientations_iPad = "UIInterfaceOrientationPortrait UIInterfaceOrientationPortraitUpsideDown UIInterfaceOrientationLandscapeLeft UIInterfaceOrientationLandscapeRight";
				INFOPLIST_KEY_UISupportedInterfaceOrientations_iPhone = "UIInterfaceOrientationPortrait UIInterfaceOrientationLandscapeLeft UIInterfaceOrientationLandscapeRight";
				LD_RUNPATH_SEARCH_PATHS = (
					"$(inherited)",
					"@executable_path/Frameworks",
				);
				MARKETING_VERSION = 1.0;
				PRODUCT_BUNDLE_IDENTIFIER = dotGlo.AddressBook;
				PRODUCT_NAME = "$(TARGET_NAME)";
				SWIFT_EMIT_LOC_STRINGS = YES;
				SWIFT_VERSION = 5.0;
				TARGETED_DEVICE_FAMILY = "1,2";
			};
			name = Release;
		};
/* End XCBuildConfiguration section */

/* Begin XCConfigurationList section */
		23E6D35E299ADECF00A4EA9F /* Build configuration list for PBXProject "AddressBook" */ = {
			isa = XCConfigurationList;
			buildConfigurations = (
				23E6D375299ADED000A4EA9F /* Debug */,
				23E6D376299ADED000A4EA9F /* Release */,
			);
			defaultConfigurationIsVisible = 0;
			defaultConfigurationName = Release;
		};
		23E6D377299ADED000A4EA9F /* Build configuration list for PBXNativeTarget "AddressBook" */ = {
			isa = XCConfigurationList;
			buildConfigurations = (
				23E6D378299ADED000A4EA9F /* Debug */,
				23E6D379299ADED000A4EA9F /* Release */,
			);
			defaultConfigurationIsVisible = 0;
			defaultConfigurationName = Release;
		};
/* End XCConfigurationList section */
	};
	rootObject = 23E6D35B299ADECF00A4EA9F /* Project object */;
}
